// !$*UTF8*$!
{
	archiveVersion = 1;
	classes = {
	};
	objectVersion = 51;
	objects = {

/* Begin PBXBuildFile section */
		7612497F24743410000F8EFD /* AppDelegate.swift in Sources */ = {isa = PBXBuildFile; fileRef = 7612497E24743410000F8EFD /* AppDelegate.swift */; };
		7612498124743410000F8EFD /* SceneDelegate.swift in Sources */ = {isa = PBXBuildFile; fileRef = 7612498024743410000F8EFD /* SceneDelegate.swift */; };
		7612498324743410000F8EFD /* ViewController.swift in Sources */ = {isa = PBXBuildFile; fileRef = 7612498224743410000F8EFD /* ViewController.swift */; };
		7612498624743410000F8EFD /* Main.storyboard in Resources */ = {isa = PBXBuildFile; fileRef = 7612498424743410000F8EFD /* Main.storyboard */; };
		7612498824743412000F8EFD /* Assets.xcassets in Resources */ = {isa = PBXBuildFile; fileRef = 7612498724743412000F8EFD /* Assets.xcassets */; };
		7612498B24743412000F8EFD /* LaunchScreen.storyboard in Resources */ = {isa = PBXBuildFile; fileRef = 7612498924743412000F8EFD /* LaunchScreen.storyboard */; };
		7D71FF14642E8E765FE6FC50 /* Pods_ISS_Tracking_Application.framework in Frameworks */ = {isa = PBXBuildFile; fileRef = 9A2B5CAE77C338D363C0988B /* Pods_ISS_Tracking_Application.framework */; };
/* End PBXBuildFile section */

/* Begin PBXFileReference section */
		67EAA5E0BFCA51C5143F4DEF /* Pods-ISS-Tracking-Application.debug.xcconfig */ = {isa = PBXFileReference; includeInIndex = 1; lastKnownFileType = text.xcconfig; name = "Pods-ISS-Tracking-Application.debug.xcconfig"; path = "Target Support Files/Pods-ISS-Tracking-Application/Pods-ISS-Tracking-Application.debug.xcconfig"; sourceTree = "<group>"; };
		7612497B24743410000F8EFD /* ISS-Tracking-Application.app */ = {isa = PBXFileReference; explicitFileType = wrapper.application; includeInIndex = 0; path = "ISS-Tracking-Application.app"; sourceTree = BUILT_PRODUCTS_DIR; };
		7612497E24743410000F8EFD /* AppDelegate.swift */ = {isa = PBXFileReference; lastKnownFileType = sourcecode.swift; path = AppDelegate.swift; sourceTree = "<group>"; };
		7612498024743410000F8EFD /* SceneDelegate.swift */ = {isa = PBXFileReference; lastKnownFileType = sourcecode.swift; path = SceneDelegate.swift; sourceTree = "<group>"; };
		7612498224743410000F8EFD /* ViewController.swift */ = {isa = PBXFileReference; lastKnownFileType = sourcecode.swift; path = ViewController.swift; sourceTree = "<group>"; };
		7612498524743410000F8EFD /* Base */ = {isa = PBXFileReference; lastKnownFileType = file.storyboard; name = Base; path = Base.lproj/Main.storyboard; sourceTree = "<group>"; };
		7612498724743412000F8EFD /* Assets.xcassets */ = {isa = PBXFileReference; lastKnownFileType = folder.assetcatalog; path = Assets.xcassets; sourceTree = "<group>"; };
		7612498A24743412000F8EFD /* Base */ = {isa = PBXFileReference; lastKnownFileType = file.storyboard; name = Base; path = Base.lproj/LaunchScreen.storyboard; sourceTree = "<group>"; };
		7612498C24743412000F8EFD /* Info.plist */ = {isa = PBXFileReference; lastKnownFileType = text.plist.xml; path = Info.plist; sourceTree = "<group>"; };
		9A2B5CAE77C338D363C0988B /* Pods_ISS_Tracking_Application.framework */ = {isa = PBXFileReference; explicitFileType = wrapper.framework; includeInIndex = 0; path = Pods_ISS_Tracking_Application.framework; sourceTree = BUILT_PRODUCTS_DIR; };
		FFBB8BDB98D9A9CA74B97C9A /* Pods-ISS-Tracking-Application.release.xcconfig */ = {isa = PBXFileReference; includeInIndex = 1; lastKnownFileType = text.xcconfig; name = "Pods-ISS-Tracking-Application.release.xcconfig"; path = "Target Support Files/Pods-ISS-Tracking-Application/Pods-ISS-Tracking-Application.release.xcconfig"; sourceTree = "<group>"; };
/* End PBXFileReference section */

/* Begin PBXFrameworksBuildPhase section */
		7612497824743410000F8EFD /* Frameworks */ = {
			isa = PBXFrameworksBuildPhase;
			buildActionMask = 2147483647;
			files = (
				7D71FF14642E8E765FE6FC50 /* Pods_ISS_Tracking_Application.framework in Frameworks */,
			);
			runOnlyForDeploymentPostprocessing = 0;
		};
/* End PBXFrameworksBuildPhase section */

/* Begin PBXGroup section */
		54FDA84F57F145A2A709CA15 /* Pods */ = {
			isa = PBXGroup;
			children = (
				67EAA5E0BFCA51C5143F4DEF /* Pods-ISS-Tracking-Application.debug.xcconfig */,
				FFBB8BDB98D9A9CA74B97C9A /* Pods-ISS-Tracking-Application.release.xcconfig */,
			);
			path = Pods;
			sourceTree = "<group>";
		};
		7612497224743410000F8EFD = {
			isa = PBXGroup;
			children = (
				7612497D24743410000F8EFD /* ISS-Tracking-Application */,
				7612497C24743410000F8EFD /* Products */,
				54FDA84F57F145A2A709CA15 /* Pods */,
				B0F73EBF4E47912CAC08F57A /* Frameworks */,
			);
			sourceTree = "<group>";
		};
		7612497C24743410000F8EFD /* Products */ = {
			isa = PBXGroup;
			children = (
				7612497B24743410000F8EFD /* ISS-Tracking-Application.app */,
			);
			name = Products;
			sourceTree = "<group>";
		};
		7612497D24743410000F8EFD /* ISS-Tracking-Application */ = {
			isa = PBXGroup;
			children = (
				7612497E24743410000F8EFD /* AppDelegate.swift */,
				7612498024743410000F8EFD /* SceneDelegate.swift */,
				7612498224743410000F8EFD /* ViewController.swift */,
				7612498424743410000F8EFD /* Main.storyboard */,
				7612498724743412000F8EFD /* Assets.xcassets */,
				7612498924743412000F8EFD /* LaunchScreen.storyboard */,
				7612498C24743412000F8EFD /* Info.plist */,
			);
			path = "ISS-Tracking-Application";
			sourceTree = "<group>";
		};
		B0F73EBF4E47912CAC08F57A /* Frameworks */ = {
			isa = PBXGroup;
			children = (
				9A2B5CAE77C338D363C0988B /* Pods_ISS_Tracking_Application.framework */,
			);
			name = Frameworks;
			sourceTree = "<group>";
		};
/* End PBXGroup section */

/* Begin PBXNativeTarget section */
		7612497A24743410000F8EFD /* ISS-Tracking-Application */ = {
			isa = PBXNativeTarget;
			buildConfigurationList = 7612498F24743412000F8EFD /* Build configuration list for PBXNativeTarget "ISS-Tracking-Application" */;
			buildPhases = (
				6E41B28D2475D3FF00E7CC7A /* [CP] Check Pods Manifest.lock */,
				7612497724743410000F8EFD /* Sources */,
				7612497824743410000F8EFD /* Frameworks */,
				7612497924743410000F8EFD /* Resources */,
				0B10ED7F94CD8DC91977C047 /* [CP] Copy Pods Resources */,
			);
			buildRules = (
			);
			dependencies = (
			);
			name = "ISS-Tracking-Application";
			productName = "ISS-Tracking-Application";
			productReference = 7612497B24743410000F8EFD /* ISS-Tracking-Application.app */;
			productType = "com.apple.product-type.application";
		};
/* End PBXNativeTarget section */

/* Begin PBXProject section */
		7612497324743410000F8EFD /* Project object */ = {
			isa = PBXProject;
			attributes = {
				LastSwiftUpdateCheck = 1140;
				LastUpgradeCheck = 1140;
				ORGANIZATIONNAME = "Anup Deshpande";
				TargetAttributes = {
					7612497A24743410000F8EFD = {
						CreatedOnToolsVersion = 11.4.1;
					};
				};
			};
			buildConfigurationList = 7612497624743410000F8EFD /* Build configuration list for PBXProject "ISS-Tracking-Application" */;
			compatibilityVersion = "Xcode 9.3";
			developmentRegion = en;
			hasScannedForEncodings = 0;
			knownRegions = (
				en,
				Base,
			);
			mainGroup = 7612497224743410000F8EFD;
			productRefGroup = 7612497C24743410000F8EFD /* Products */;
			projectDirPath = "";
			projectRoot = "";
			targets = (
				7612497A24743410000F8EFD /* ISS-Tracking-Application */,
			);
		};
/* End PBXProject section */

/* Begin PBXResourcesBuildPhase section */
		7612497924743410000F8EFD /* Resources */ = {
			isa = PBXResourcesBuildPhase;
			buildActionMask = 2147483647;
			files = (
				7612498B24743412000F8EFD /* LaunchScreen.storyboard in Resources */,
				7612498824743412000F8EFD /* Assets.xcassets in Resources */,
				7612498624743410000F8EFD /* Main.storyboard in Resources */,
			);
			runOnlyForDeploymentPostprocessing = 0;
		};
/* End PBXResourcesBuildPhase section */

/* Begin PBXShellScriptBuildPhase section */
		0B10ED7F94CD8DC91977C047 /* [CP] Copy Pods Resources */ = {
			isa = PBXShellScriptBuildPhase;
			buildActionMask = 2147483647;
			files = (
			);
			inputFileListPaths = (
				"${PODS_ROOT}/Target Support Files/Pods-ISS-Tracking-Application/Pods-ISS-Tracking-Application-resources-${CONFIGURATION}-input-files.xcfilelist",
			);
			name = "[CP] Copy Pods Resources";
			outputFileListPaths = (
				"${PODS_ROOT}/Target Support Files/Pods-ISS-Tracking-Application/Pods-ISS-Tracking-Application-resources-${CONFIGURATION}-output-files.xcfilelist",
			);
			runOnlyForDeploymentPostprocessing = 0;
			shellPath = /bin/sh;
			shellScript = "\"${PODS_ROOT}/Target Support Files/Pods-ISS-Tracking-Application/Pods-ISS-Tracking-Application-resources.sh\"\n";
			showEnvVarsInLog = 0;
		};
		6E41B28D2475D3FF00E7CC7A /* [CP] Check Pods Manifest.lock */ = {
			isa = PBXShellScriptBuildPhase;
			buildActionMask = 2147483647;
			files = (
			);
			inputFileListPaths = (
			);
			inputPaths = (
				"${PODS_PODFILE_DIR_PATH}/Podfile.lock",
				"${PODS_ROOT}/Manifest.lock",
			);
			name = "[CP] Check Pods Manifest.lock";
			outputFileListPaths = (
			);
			outputPaths = (
				"$(DERIVED_FILE_DIR)/Pods-ISS-Tracking-Application-checkManifestLockResult.txt",
			);
			runOnlyForDeploymentPostprocessing = 0;
			shellPath = /bin/sh;
			shellScript = "diff \"${PODS_PODFILE_DIR_PATH}/Podfile.lock\" \"${PODS_ROOT}/Manifest.lock\" > /dev/null\nif [ $? != 0 ] ; then\n    # print error to STDERR\n    echo \"error: The sandbox is not in sync with the Podfile.lock. Run 'pod install' or update your CocoaPods installation.\" >&2\n    exit 1\nfi\n# This output is used by Xcode 'outputs' to avoid re-running this script phase.\necho \"SUCCESS\" > \"${SCRIPT_OUTPUT_FILE_0}\"\n";
			showEnvVarsInLog = 0;
		};
/* End PBXShellScriptBuildPhase section */

/* Begin PBXSourcesBuildPhase section */
		7612497724743410000F8EFD /* Sources */ = {
			isa = PBXSourcesBuildPhase;
			buildActionMask = 2147483647;
			files = (
				7612498324743410000F8EFD /* ViewController.swift in Sources */,
				7612497F24743410000F8EFD /* AppDelegate.swift in Sources */,
				7612498124743410000F8EFD /* SceneDelegate.swift in Sources */,
			);
			runOnlyForDeploymentPostprocessing = 0;
		};
/* End PBXSourcesBuildPhase section */

/* Begin PBXVariantGroup section */
		7612498424743410000F8EFD /* Main.storyboard */ = {
			isa = PBXVariantGroup;
			children = (
				7612498524743410000F8EFD /* Base */,
			);
			name = Main.storyboard;
			sourceTree = "<group>";
		};
		7612498924743412000F8EFD /* LaunchScreen.storyboard */ = {
			isa = PBXVariantGroup;
			children = (
				7612498A24743412000F8EFD /* Base */,
			);
			name = LaunchScreen.storyboard;
			sourceTree = "<group>";
		};
/* End PBXVariantGroup section */

/* Begin XCBuildConfiguration section */
		7612498D24743412000F8EFD /* Debug */ = {
			isa = XCBuildConfiguration;
			buildSettings = {
				ALWAYS_SEARCH_USER_PATHS = NO;
				CLANG_ANALYZER_NONNULL = YES;
				CLANG_ANALYZER_NUMBER_OBJECT_CONVERSION = YES_AGGRESSIVE;
				CLANG_CXX_LANGUAGE_STANDARD = "gnu++14";
				CLANG_CXX_LIBRARY = "libc++";
				CLANG_ENABLE_MODULES = YES;
				CLANG_ENABLE_OBJC_ARC = YES;
				CLANG_ENABLE_OBJC_WEAK = YES;
				CLANG_WARN_BLOCK_CAPTURE_AUTORELEASING = YES;
				CLANG_WARN_BOOL_CONVERSION = YES;
				CLANG_WARN_COMMA = YES;
				CLANG_WARN_CONSTANT_CONVERSION = YES;
				CLANG_WARN_DEPRECATED_OBJC_IMPLEMENTATIONS = YES;
				CLANG_WARN_DIRECT_OBJC_ISA_USAGE = YES_ERROR;
				CLANG_WARN_DOCUMENTATION_COMMENTS = YES;
				CLANG_WARN_EMPTY_BODY = YES;
				CLANG_WARN_ENUM_CONVERSION = YES;
				CLANG_WARN_INFINITE_RECURSION = YES;
				CLANG_WARN_INT_CONVERSION = YES;
				CLANG_WARN_NON_LITERAL_NULL_CONVERSION = YES;
				CLANG_WARN_OBJC_IMPLICIT_RETAIN_SELF = YES;
				CLANG_WARN_OBJC_LITERAL_CONVERSION = YES;
				CLANG_WARN_OBJC_ROOT_CLASS = YES_ERROR;
				CLANG_WARN_RANGE_LOOP_ANALYSIS = YES;
				CLANG_WARN_STRICT_PROTOTYPES = YES;
				CLANG_WARN_SUSPICIOUS_MOVE = YES;
				CLANG_WARN_UNGUARDED_AVAILABILITY = YES_AGGRESSIVE;
				CLANG_WARN_UNREACHABLE_CODE = YES;
				CLANG_WARN__DUPLICATE_METHOD_MATCH = YES;
				COPY_PHASE_STRIP = NO;
				DEBUG_INFORMATION_FORMAT = dwarf;
				ENABLE_STRICT_OBJC_MSGSEND = YES;
				ENABLE_TESTABILITY = YES;
				GCC_C_LANGUAGE_STANDARD = gnu11;
				GCC_DYNAMIC_NO_PIC = NO;
				GCC_NO_COMMON_BLOCKS = YES;
				GCC_OPTIMIZATION_LEVEL = 0;
				GCC_PREPROCESSOR_DEFINITIONS = (
					"DEBUG=1",
					"$(inherited)",
				);
				GCC_WARN_64_TO_32_BIT_CONVERSION = YES;
				GCC_WARN_ABOUT_RETURN_TYPE = YES_ERROR;
				GCC_WARN_UNDECLARED_SELECTOR = YES;
				GCC_WARN_UNINITIALIZED_AUTOS = YES_AGGRESSIVE;
				GCC_WARN_UNUSED_FUNCTION = YES;
				GCC_WARN_UNUSED_VARIABLE = YES;
				IPHONEOS_DEPLOYMENT_TARGET = 13.4;
				MTL_ENABLE_DEBUG_INFO = INCLUDE_SOURCE;
				MTL_FAST_MATH = YES;
				ONLY_ACTIVE_ARCH = YES;
				SDKROOT = iphoneos;
				SWIFT_ACTIVE_COMPILATION_CONDITIONS = DEBUG;
				SWIFT_OPTIMIZATION_LEVEL = "-Onone";
			};
			name = Debug;
		};
		7612498E24743412000F8EFD /* Release */ = {
			isa = XCBuildConfiguration;
			buildSettings = {
				ALWAYS_SEARCH_USER_PATHS = NO;
				CLANG_ANALYZER_NONNULL = YES;
				CLANG_ANALYZER_NUMBER_OBJECT_CONVERSION = YES_AGGRESSIVE;
				CLANG_CXX_LANGUAGE_STANDARD = "gnu++14";
				CLANG_CXX_LIBRARY = "libc++";
				CLANG_ENABLE_MODULES = YES;
				CLANG_ENABLE_OBJC_ARC = YES;
				CLANG_ENABLE_OBJC_WEAK = YES;
				CLANG_WARN_BLOCK_CAPTURE_AUTORELEASING = YES;
				CLANG_WARN_BOOL_CONVERSION = YES;
				CLANG_WARN_COMMA = YES;
				CLANG_WARN_CONSTANT_CONVERSION = YES;
				CLANG_WARN_DEPRECATED_OBJC_IMPLEMENTATIONS = YES;
				CLANG_WARN_DIRECT_OBJC_ISA_USAGE = YES_ERROR;
				CLANG_WARN_DOCUMENTATION_COMMENTS = YES;
				CLANG_WARN_EMPTY_BODY = YES;
				CLANG_WARN_ENUM_CONVERSION = YES;
				CLANG_WARN_INFINITE_RECURSION = YES;
				CLANG_WARN_INT_CONVERSION = YES;
				CLANG_WARN_NON_LITERAL_NULL_CONVERSION = YES;
				CLANG_WARN_OBJC_IMPLICIT_RETAIN_SELF = YES;
				CLANG_WARN_OBJC_LITERAL_CONVERSION = YES;
				CLANG_WARN_OBJC_ROOT_CLASS = YES_ERROR;
				CLANG_WARN_RANGE_LOOP_ANALYSIS = YES;
				CLANG_WARN_STRICT_PROTOTYPES = YES;
				CLANG_WARN_SUSPICIOUS_MOVE = YES;
				CLANG_WARN_UNGUARDED_AVAILABILITY = YES_AGGRESSIVE;
				CLANG_WARN_UNREACHABLE_CODE = YES;
				CLANG_WARN__DUPLICATE_METHOD_MATCH = YES;
				COPY_PHASE_STRIP = NO;
				DEBUG_INFORMATION_FORMAT = "dwarf-with-dsym";
				ENABLE_NS_ASSERTIONS = NO;
				ENABLE_STRICT_OBJC_MSGSEND = YES;
				GCC_C_LANGUAGE_STANDARD = gnu11;
				GCC_NO_COMMON_BLOCKS = YES;
				GCC_WARN_64_TO_32_BIT_CONVERSION = YES;
				GCC_WARN_ABOUT_RETURN_TYPE = YES_ERROR;
				GCC_WARN_UNDECLARED_SELECTOR = YES;
				GCC_WARN_UNINITIALIZED_AUTOS = YES_AGGRESSIVE;
				GCC_WARN_UNUSED_FUNCTION = YES;
				GCC_WARN_UNUSED_VARIABLE = YES;
				IPHONEOS_DEPLOYMENT_TARGET = 13.4;
				MTL_ENABLE_DEBUG_INFO = NO;
				MTL_FAST_MATH = YES;
				SDKROOT = iphoneos;
				SWIFT_COMPILATION_MODE = wholemodule;
				SWIFT_OPTIMIZATION_LEVEL = "-O";
				VALIDATE_PRODUCT = YES;
			};
			name = Release;
		};
		7612499024743412000F8EFD /* Debug */ = {
			isa = XCBuildConfiguration;
			baseConfigurationReference = 67EAA5E0BFCA51C5143F4DEF /* Pods-ISS-Tracking-Application.debug.xcconfig */;
			buildSettings = {
				ASSETCATALOG_COMPILER_APPICON_NAME = AppIcon;
				CODE_SIGN_STYLE = Automatic;
				DEVELOPMENT_TEAM = 59XJFY72WQ;
				INFOPLIST_FILE = "ISS-Tracking-Application/Info.plist";
				LD_RUNPATH_SEARCH_PATHS = (
					"$(inherited)",
					"@executable_path/Frameworks",
				);
				PRODUCT_BUNDLE_IDENTIFIER = "com.deshpande.ISS-Tracking-Application";
				PRODUCT_NAME = "$(TARGET_NAME)";
				SWIFT_VERSION = 5.0;
				TARGETED_DEVICE_FAMILY = "1,2";
			};
			name = Debug;
		};
		7612499124743412000F8EFD /* Release */ = {
			isa = XCBuildConfiguration;
			baseConfigurationReference = FFBB8BDB98D9A9CA74B97C9A /* Pods-ISS-Tracking-Application.release.xcconfig */;
			buildSettings = {
				ASSETCATALOG_COMPILER_APPICON_NAME = AppIcon;
				CODE_SIGN_STYLE = Automatic;
				DEVELOPMENT_TEAM = 59XJFY72WQ;
				INFOPLIST_FILE = "ISS-Tracking-Application/Info.plist";
				LD_RUNPATH_SEARCH_PATHS = (
					"$(inherited)",
					"@executable_path/Frameworks",
				);
				PRODUCT_BUNDLE_IDENTIFIER = "com.deshpande.ISS-Tracking-Application";
				PRODUCT_NAME = "$(TARGET_NAME)";
				SWIFT_VERSION = 5.0;
				TARGETED_DEVICE_FAMILY = "1,2";
			};
			name = Release;
		};
/* End XCBuildConfiguration section */

/* Begin XCConfigurationList section */
		7612497624743410000F8EFD /* Build configuration list for PBXProject "ISS-Tracking-Application" */ = {
			isa = XCConfigurationList;
			buildConfigurations = (
				7612498D24743412000F8EFD /* Debug */,
				7612498E24743412000F8EFD /* Release */,
			);
			defaultConfigurationIsVisible = 0;
			defaultConfigurationName = Release;
		};
		7612498F24743412000F8EFD /* Build configuration list for PBXNativeTarget "ISS-Tracking-Application" */ = {
			isa = XCConfigurationList;
			buildConfigurations = (
				7612499024743412000F8EFD /* Debug */,
				7612499124743412000F8EFD /* Release */,
			);
			defaultConfigurationIsVisible = 0;
			defaultConfigurationName = Release;
		};
/* End XCConfigurationList section */
	};
	rootObject = 7612497324743410000F8EFD /* Project object */;
}
